
Microsoft Visual Studio Solution File, Format Version 12.00
# Visual Studio 15
VisualStudioVersion = 15.0.27130.2010
MinimumVisualStudioVersion = 15.0.26124.0
Project("{2150E333-8FDC-42A3-9474-1A3956D46DE8}") = "src", "src", "{B78D03C1-3731-4814-9875-864595F91E80}"
EndProject
Project("{9A19103F-16F7-4668-BE54-9A1E7A4F7556}") = "System.Reactive.WindowsCE", "src\System.Reactive.WindowsCE\System.Reactive.WindowsCE.csproj", "{7DA2E8DB-0FDC-4745-B2B2-637FD16CDB59}"
EndProject
Project("{2150E333-8FDC-42A3-9474-1A3956D46DE8}") = "extras", "extras", "{96E6CE25-F28E-4BC5-A02F-21A04792204A}"
	ProjectSection(SolutionItems) = preProject
		LICENSE.txt = LICENSE.txt
		System.Reactive.WindowsCE.nuspec = System.Reactive.WindowsCE.nuspec
	EndProjectSection
EndProject
Global
	GlobalSection(SolutionConfigurationPlatforms) = preSolution
		Debug|Any CPU = Debug|Any CPU
		Debug|x64 = Debug|x64
		Debug|x86 = Debug|x86
		Release|Any CPU = Release|Any CPU
		Release|x64 = Release|x64
		Release|x86 = Release|x86
	EndGlobalSection
	GlobalSection(ProjectConfigurationPlatforms) = postSolution
		{7DA2E8DB-0FDC-4745-B2B2-637FD16CDB59}.Debug|Any CPU.ActiveCfg = Debug|Any CPU
		{7DA2E8DB-0FDC-4745-B2B2-637FD16CDB59}.Debug|Any CPU.Build.0 = Debug|Any CPU
		{7DA2E8DB-0FDC-4745-B2B2-637FD16CDB59}.Debug|x64.ActiveCfg = Debug|Any CPU
		{7DA2E8DB-0FDC-4745-B2B2-637FD16CDB59}.Debug|x64.Build.0 = Debug|Any CPU
		{7DA2E8DB-0FDC-4745-B2B2-637FD16CDB59}.Debug|x86.ActiveCfg = Debug|Any CPU
		{7DA2E8DB-0FDC-4745-B2B2-637FD16CDB59}.Debug|x86.Build.0 = Debug|Any CPU
		{7DA2E8DB-0FDC-4745-B2B2-637FD16CDB59}.Release|Any CPU.ActiveCfg = Release|Any CPU
		{7DA2E8DB-0FDC-4745-B2B2-637FD16CDB59}.Release|Any CPU.Build.0 = Release|Any CPU
		{7DA2E8DB-0FDC-4745-B2B2-637FD16CDB59}.Release|x64.ActiveCfg = Release|Any CPU
		{7DA2E8DB-0FDC-4745-B2B2-637FD16CDB59}.Release|x64.Build.0 = Release|Any CPU
		{7DA2E8DB-0FDC-4745-B2B2-637FD16CDB59}.Release|x86.ActiveCfg = Release|Any CPU
		{7DA2E8DB-0FDC-4745-B2B2-637FD16CDB59}.Release|x86.Build.0 = Release|Any CPU
	EndGlobalSection
	GlobalSection(SolutionProperties) = preSolution
		HideSolutionNode = FALSE
	EndGlobalSection
	GlobalSection(NestedProjects) = preSolution
		{7DA2E8DB-0FDC-4745-B2B2-637FD16CDB59} = {B78D03C1-3731-4814-9875-864595F91E80}
	EndGlobalSection
	GlobalSection(ExtensibilityGlobals) = postSolution
		SolutionGuid = {E1617C8A-D8F1-4CBA-BA00-ABCFBA74CFC2}
	EndGlobalSection
EndGlobal
